
Microsoft Visual Studio Solution File, Format Version 12.00
# Visual Studio 14
VisualStudioVersion = 14.0.25420.1
MinimumVisualStudioVersion = 10.0.40219.1
Project("{FAE04EC0-301F-11D3-BF4B-00C04F79EFBC}") = "QLTT", "QLTT\QLTT.csproj", "{7B6A1738-2779-448F-AB42-3DAB80B25193}"
EndProject
Project("{FAE04EC0-301F-11D3-BF4B-00C04F79EFBC}") = "Service", "Service\Service.csproj", "{6861F4BA-FB87-4566-B4D7-6C959950CB99}"
EndProject
Global
	GlobalSection(SolutionConfigurationPlatforms) = preSolution
		Debug|Any CPU = Debug|Any CPU
		Release|Any CPU = Release|Any CPU
	EndGlobalSection
	GlobalSection(ProjectConfigurationPlatforms) = postSolution
		{7B6A1738-2779-448F-AB42-3DAB80B25193}.Debug|Any CPU.ActiveCfg = Debug|Any CPU
		{7B6A1738-2779-448F-AB42-3DAB80B25193}.Debug|Any CPU.Build.0 = Debug|Any CPU
		{7B6A1738-2779-448F-AB42-3DAB80B25193}.Release|Any CPU.ActiveCfg = Release|Any CPU
		{7B6A1738-2779-448F-AB42-3DAB80B25193}.Release|Any CPU.Build.0 = Release|Any CPU
		{6861F4BA-FB87-4566-B4D7-6C959950CB99}.Debug|Any CPU.ActiveCfg = Debug|Any CPU
		{6861F4BA-FB87-4566-B4D7-6C959950CB99}.Debug|Any CPU.Build.0 = Debug|Any CPU
		{6861F4BA-FB87-4566-B4D7-6C959950CB99}.Release|Any CPU.ActiveCfg = Release|Any CPU
		{6861F4BA-FB87-4566-B4D7-6C959950CB99}.Release|Any CPU.Build.0 = Release|Any CPU
	EndGlobalSection
	GlobalSection(SolutionProperties) = preSolution
		HideSolutionNode = FALSE
	EndGlobalSection
EndGlobal
